
Microsoft Visual Studio Solution File, Format Version 12.00
# Visual Studio Version 17
VisualStudioVersion = 17.14.36414.22 d17.14
MinimumVisualStudioVersion = 10.0.40219.1
Project("{FAE04EC0-301F-11D3-BF4B-00C04F79EFBC}") = "test-bot_tatymov25IS-11D", "test-bot_tatymov25IS-11D\test-bot_tatymov25IS-11D.csproj", "{CF089DD5-02D7-4DB7-B044-A5E36891FBCA}"
EndProject
Global
	GlobalSection(SolutionConfigurationPlatforms) = preSolution
		Debug|Any CPU = Debug|Any CPU
		Release|Any CPU = Release|Any CPU
	EndGlobalSection
	GlobalSection(ProjectConfigurationPlatforms) = postSolution
		{CF089DD5-02D7-4DB7-B044-A5E36891FBCA}.Debug|Any CPU.ActiveCfg = Debug|Any CPU
		{CF089DD5-02D7-4DB7-B044-A5E36891FBCA}.Debug|Any CPU.Build.0 = Debug|Any CPU
		{CF089DD5-02D7-4DB7-B044-A5E36891FBCA}.Release|Any CPU.ActiveCfg = Release|Any CPU
		{CF089DD5-02D7-4DB7-B044-A5E36891FBCA}.Release|Any CPU.Build.0 = Release|Any CPU
	EndGlobalSection
	GlobalSection(SolutionProperties) = preSolution
		HideSolutionNode = FALSE
	EndGlobalSection
	GlobalSection(ExtensibilityGlobals) = postSolution
		SolutionGuid = {A33915FA-C9D5-46F4-9EC6-86CF5AE16827}
	EndGlobalSection
EndGlobal
